
Microsoft Visual Studio Solution File, Format Version 12.00
# Visual Studio Version 16
VisualStudioVersion = 16.0.30611.23
MinimumVisualStudioVersion = 10.0.40219.1
Project("{FAE04EC0-301F-11D3-BF4B-00C04F79EFBC}") = "Consolehelloworld", "Consolehelloworld\Consolehelloworld.csproj", "{25795A30-4A76-4A5E-859D-06559867A144}"
EndProject
Project("{FAE04EC0-301F-11D3-BF4B-00C04F79EFBC}") = "Wpfhelloworld", "Wpfhelloworld\Wpfhelloworld.csproj", "{BFF3F052-1C7C-40E5-81C9-8E69EFAE6946}"
EndProject
Project("{FAE04EC0-301F-11D3-BF4B-00C04F79EFBC}") = "WpfhelloWoeld", "WpfhelloWoeld\WpfhelloWoeld.csproj", "{D93AD51E-E8B7-4DC8-8868-49E9256D3F74}"
EndProject
Global
	GlobalSection(SolutionConfigurationPlatforms) = preSolution
		Debug|Any CPU = Debug|Any CPU
		Release|Any CPU = Release|Any CPU
	EndGlobalSection
	GlobalSection(ProjectConfigurationPlatforms) = postSolution
		{25795A30-4A76-4A5E-859D-06559867A144}.Debug|Any CPU.ActiveCfg = Debug|Any CPU
		{25795A30-4A76-4A5E-859D-06559867A144}.Debug|Any CPU.Build.0 = Debug|Any CPU
		{25795A30-4A76-4A5E-859D-06559867A144}.Release|Any CPU.ActiveCfg = Release|Any CPU
		{25795A30-4A76-4A5E-859D-06559867A144}.Release|Any CPU.Build.0 = Release|Any CPU
		{BFF3F052-1C7C-40E5-81C9-8E69EFAE6946}.Debug|Any CPU.ActiveCfg = Debug|Any CPU
		{BFF3F052-1C7C-40E5-81C9-8E69EFAE6946}.Debug|Any CPU.Build.0 = Debug|Any CPU
		{BFF3F052-1C7C-40E5-81C9-8E69EFAE6946}.Release|Any CPU.ActiveCfg = Release|Any CPU
		{BFF3F052-1C7C-40E5-81C9-8E69EFAE6946}.Release|Any CPU.Build.0 = Release|Any CPU
		{D93AD51E-E8B7-4DC8-8868-49E9256D3F74}.Debug|Any CPU.ActiveCfg = Debug|Any CPU
		{D93AD51E-E8B7-4DC8-8868-49E9256D3F74}.Debug|Any CPU.Build.0 = Debug|Any CPU
		{D93AD51E-E8B7-4DC8-8868-49E9256D3F74}.Release|Any CPU.ActiveCfg = Release|Any CPU
		{D93AD51E-E8B7-4DC8-8868-49E9256D3F74}.Release|Any CPU.Build.0 = Release|Any CPU
	EndGlobalSection
	GlobalSection(SolutionProperties) = preSolution
		HideSolutionNode = FALSE
	EndGlobalSection
	GlobalSection(ExtensibilityGlobals) = postSolution
		SolutionGuid = {D7B729FC-8051-4095-8E30-6F86AFC86D76}
	EndGlobalSection
EndGlobal
